<?xml version="1.0" encoding="utf-8"?>
<Project ToolsVersion="4.0" xmlns="http://schemas.microsoft.com/developer/msbuild/2003">
  <ItemGroup>
    <Filter Include="Исходные файлы">
      <UniqueIdentifier>{4FC737F1-C7A5-4376-A066-2A32D752A2FF}</UniqueIdentifier>
      <Extensions>cpp;c;cc;cxx;def;odl;idl;hpj;bat;asm;asmx</Extensions>
    </Filter>
    <Filter Include="Launcher">
      <UniqueIdentifier>{7d8a4917-0ed7-4e9e-912b-7c66a492dc6d}</UniqueIdentifier>
    </Filter>
    <Filter Include="Misc">
      <UniqueIdentifier>{bc19a5d6-b108-4397-a4be-9c87df283372}</UniqueIdentifier>
    </Filter>
    <Filter Include="Game">
      <UniqueIdentifier>{f59243dc-3549-4731-9b6c-2f84446e333c}</UniqueIdentifier>
    </Filter>
    <Filter Include="Logger">
      <UniqueIdentifier>{e577ec9f-5288-413c-8a64-9887e63e66fc}</UniqueIdentifier>
    </Filter>
    <Filter Include="Render">
      <UniqueIdentifier>{e14877d0-5016-4bce-b2e7-d57522c997b0}</UniqueIdentifier>
    </Filter>
    <Filter Include="State">
      <UniqueIdentifier>{b41664cf-a826-49c9-8b5d-964285f81c90}</UniqueIdentifier>
    </Filter>
    <Filter Include="Resource">
      <UniqueIdentifier>{8c0a0f7b-b231-4b23-bfea-1f02167c2358}</UniqueIdentifier>
    </Filter>
    <Filter Include="Math">
      <UniqueIdentifier>{1d4e7d93-0cad-4682-9ebd-160b3797e606}</UniqueIdentifier>
    </Filter>
    <Filter Include="Input">
      <UniqueIdentifier>{471c9466-0496-4837-88c9-687a4f58a574}</UniqueIdentifier>
    </Filter>
  </ItemGroup>
  <ItemGroup>
    <ClCompile Include="Main.cpp">
      <Filter>Исходные файлы</Filter>
    </ClCompile>
    <ClCompile Include="Misc\glad.c">
      <Filter>Misc</Filter>
    </ClCompile>
    <ClCompile Include="Launcher\Launcher.cpp">
      <Filter>Launcher</Filter>
    </ClCompile>
    <ClCompile Include="Game\Game.cpp">
      <Filter>Game</Filter>
    </ClCompile>
    <ClCompile Include="Logger\Logger.cpp">
      <Filter>Logger</Filter>
    </ClCompile>
    <ClCompile Include="Render\Renderer.cpp">
      <Filter>Render</Filter>
    </ClCompile>
    <ClCompile Include="State\PlayState.cpp">
      <Filter>State</Filter>
    </ClCompile>
    <ClCompile Include="Render\Shader.cpp">
      <Filter>Render</Filter>
    </ClCompile>
    <ClCompile Include="Render\Model.cpp">
      <Filter>Render</Filter>
    </ClCompile>
    <ClCompile Include="Resource\OBJLoader.cpp">
      <Filter>Resource</Filter>
    </ClCompile>
    <ClCompile Include="Misc\tiny_obj_loader.cpp">
      <Filter>Misc</Filter>
    </ClCompile>
    <ClCompile Include="Render\Camera.cpp">
      <Filter>Render</Filter>
    </ClCompile>
    <ClCompile Include="Input\MouseController.cpp">
      <Filter>Input</Filter>
    </ClCompile>
  </ItemGroup>
  <ItemGroup>
    <ClInclude Include="Launcher\Launcher.h">
      <Filter>Launcher</Filter>
    </ClInclude>
    <ClInclude Include="Game\Game.h">
      <Filter>Game</Filter>
    </ClInclude>
    <ClInclude Include="Logger\Logger.h">
      <Filter>Logger</Filter>
    </ClInclude>
    <ClInclude Include="Render\Renderer.h">
      <Filter>Render</Filter>
    </ClInclude>
    <ClInclude Include="State\State.h">
      <Filter>State</Filter>
    </ClInclude>
    <ClInclude Include="State\PlayState.h">
      <Filter>State</Filter>
    </ClInclude>
    <ClInclude Include="Render\Shader.h">
      <Filter>Render</Filter>
    </ClInclude>
    <ClInclude Include="Render\Model.h">
      <Filter>Render</Filter>
    </ClInclude>
    <ClInclude Include="Render\Mesh.h">
      <Filter>Render</Filter>
    </ClInclude>
    <ClInclude Include="Resource\OBJLoader.h">
      <Filter>Resource</Filter>
    </ClInclude>
    <ClInclude Include="Render\Camera.h">
      <Filter>Render</Filter>
    </ClInclude>
    <ClInclude Include="Math\GLMath.h">
      <Filter>Math</Filter>
    </ClInclude>
    <ClInclude Include="Input\MouseController.h">
      <Filter>Input</Filter>
    </ClInclude>
  </ItemGroup>
</Project>